
Microsoft Visual Studio Solution File, Format Version 12.00
# Visual Studio 15
VisualStudioVersion = 15.0.27703.2026
MinimumVisualStudioVersion = 10.0.40219.1
Project("{FAE04EC0-301F-11D3-BF4B-00C04F79EFBC}") = "2B Array Example", "2B Array Example\2B Array Example.csproj", "{AE87C094-D4C5-4FB0-A917-5A961263D801}"
EndProject
Global
	GlobalSection(SolutionConfigurationPlatforms) = preSolution
		Debug|Any CPU = Debug|Any CPU
		Release|Any CPU = Release|Any CPU
	EndGlobalSection
	GlobalSection(ProjectConfigurationPlatforms) = postSolution
		{AE87C094-D4C5-4FB0-A917-5A961263D801}.Debug|Any CPU.ActiveCfg = Debug|Any CPU
		{AE87C094-D4C5-4FB0-A917-5A961263D801}.Debug|Any CPU.Build.0 = Debug|Any CPU
		{AE87C094-D4C5-4FB0-A917-5A961263D801}.Release|Any CPU.ActiveCfg = Release|Any CPU
		{AE87C094-D4C5-4FB0-A917-5A961263D801}.Release|Any CPU.Build.0 = Release|Any CPU
	EndGlobalSection
	GlobalSection(SolutionProperties) = preSolution
		HideSolutionNode = FALSE
	EndGlobalSection
	GlobalSection(ExtensibilityGlobals) = postSolution
		SolutionGuid = {4D02FE45-36AE-441D-A4B7-9A6954EBB508}
	EndGlobalSection
EndGlobal
